// !$*UTF8*$!
{
	archiveVersion = 1;
	classes = {
	};
	objectVersion = 50;
	objects = {

/* Begin PBXBuildFile section */
		AB69BE4623AAC1DB000E9B38 /* AppDelegate.swift in Sources */ = {isa = PBXBuildFile; fileRef = AB69BE4523AAC1DB000E9B38 /* AppDelegate.swift */; };
		AB69BE4823AAC1DB000E9B38 /* SceneDelegate.swift in Sources */ = {isa = PBXBuildFile; fileRef = AB69BE4723AAC1DB000E9B38 /* SceneDelegate.swift */; };
		AB69BE4A23AAC1DB000E9B38 /* ViewController.swift in Sources */ = {isa = PBXBuildFile; fileRef = AB69BE4923AAC1DB000E9B38 /* ViewController.swift */; };
		AB69BE4D23AAC1DB000E9B38 /* Main.storyboard in Resources */ = {isa = PBXBuildFile; fileRef = AB69BE4B23AAC1DB000E9B38 /* Main.storyboard */; };
		AB69BE4F23AAC1E0000E9B38 /* Assets.xcassets in Resources */ = {isa = PBXBuildFile; fileRef = AB69BE4E23AAC1E0000E9B38 /* Assets.xcassets */; };
		AB69BE5223AAC1E0000E9B38 /* LaunchScreen.storyboard in Resources */ = {isa = PBXBuildFile; fileRef = AB69BE5023AAC1E0000E9B38 /* LaunchScreen.storyboard */; };
/* End PBXBuildFile section */

/* Begin PBXFileReference section */
		AB69BE4223AAC1DB000E9B38 /* DesignPattern_AbstractFactory.app */ = {isa = PBXFileReference; explicitFileType = wrapper.application; includeInIndex = 0; path = DesignPattern_AbstractFactory.app; sourceTree = BUILT_PRODUCTS_DIR; };
		AB69BE4523AAC1DB000E9B38 /* AppDelegate.swift */ = {isa = PBXFileReference; lastKnownFileType = sourcecode.swift; path = AppDelegate.swift; sourceTree = "<group>"; };
		AB69BE4723AAC1DB000E9B38 /* SceneDelegate.swift */ = {isa = PBXFileReference; lastKnownFileType = sourcecode.swift; path = SceneDelegate.swift; sourceTree = "<group>"; };
		AB69BE4923AAC1DB000E9B38 /* ViewController.swift */ = {isa = PBXFileReference; lastKnownFileType = sourcecode.swift; path = ViewController.swift; sourceTree = "<group>"; };
		AB69BE4C23AAC1DB000E9B38 /* Base */ = {isa = PBXFileReference; lastKnownFileType = file.storyboard; name = Base; path = Base.lproj/Main.storyboard; sourceTree = "<group>"; };
		AB69BE4E23AAC1E0000E9B38 /* Assets.xcassets */ = {isa = PBXFileReference; lastKnownFileType = folder.assetcatalog; path = Assets.xcassets; sourceTree = "<group>"; };
		AB69BE5123AAC1E0000E9B38 /* Base */ = {isa = PBXFileReference; lastKnownFileType = file.storyboard; name = Base; path = Base.lproj/LaunchScreen.storyboard; sourceTree = "<group>"; };
		AB69BE5323AAC1E0000E9B38 /* Info.plist */ = {isa = PBXFileReference; lastKnownFileType = text.plist.xml; path = Info.plist; sourceTree = "<group>"; };
/* End PBXFileReference section */

/* Begin PBXFrameworksBuildPhase section */
		AB69BE3F23AAC1DB000E9B38 /* Frameworks */ = {
			isa = PBXFrameworksBuildPhase;
			buildActionMask = 2147483647;
			files = (
			);
			runOnlyForDeploymentPostprocessing = 0;
		};
/* End PBXFrameworksBuildPhase section */

/* Begin PBXGroup section */
		AB69BE3923AAC1DB000E9B38 = {
			isa = PBXGroup;
			children = (
				AB69BE4423AAC1DB000E9B38 /* DesignPattern_AbstractFactory */,
				AB69BE4323AAC1DB000E9B38 /* Products */,
			);
			sourceTree = "<group>";
		};
		AB69BE4323AAC1DB000E9B38 /* Products */ = {
			isa = PBXGroup;
			children = (
				AB69BE4223AAC1DB000E9B38 /* DesignPattern_AbstractFactory.app */,
			);
			name = Products;
			sourceTree = "<group>";
		};
		AB69BE4423AAC1DB000E9B38 /* DesignPattern_AbstractFactory */ = {
			isa = PBXGroup;
			children = (
				AB69BE4523AAC1DB000E9B38 /* AppDelegate.swift */,
				AB69BE4723AAC1DB000E9B38 /* SceneDelegate.swift */,
				AB69BE4923AAC1DB000E9B38 /* ViewController.swift */,
				AB69BE4B23AAC1DB000E9B38 /* Main.storyboard */,
				AB69BE4E23AAC1E0000E9B38 /* Assets.xcassets */,
				AB69BE5023AAC1E0000E9B38 /* LaunchScreen.storyboard */,
				AB69BE5323AAC1E0000E9B38 /* Info.plist */,
			);
			path = DesignPattern_AbstractFactory;
			sourceTree = "<group>";
		};
/* End PBXGroup section */

/* Begin PBXNativeTarget section */
		AB69BE4123AAC1DB000E9B38 /* DesignPattern_AbstractFactory */ = {
			isa = PBXNativeTarget;
			buildConfigurationList = AB69BE5623AAC1E0000E9B38 /* Build configuration list for PBXNativeTarget "DesignPattern_AbstractFactory" */;
			buildPhases = (
				AB69BE3E23AAC1DB000E9B38 /* Sources */,
				AB69BE3F23AAC1DB000E9B38 /* Frameworks */,
				AB69BE4023AAC1DB000E9B38 /* Resources */,
			);
			buildRules = (
			);
			dependencies = (
			);
			name = DesignPattern_AbstractFactory;
			productName = DesignPattern_AbstractFactory;
			productReference = AB69BE4223AAC1DB000E9B38 /* DesignPattern_AbstractFactory.app */;
			productType = "com.apple.product-type.application";
		};
/* End PBXNativeTarget section */

/* Begin PBXProject section */
		AB69BE3A23AAC1DB000E9B38 /* Project object */ = {
			isa = PBXProject;
			attributes = {
				LastSwiftUpdateCheck = 1130;
				LastUpgradeCheck = 1130;
				ORGANIZATIONNAME = "Александр Уткин";
				TargetAttributes = {
					AB69BE4123AAC1DB000E9B38 = {
						CreatedOnToolsVersion = 11.3;
					};
				};
			};
			buildConfigurationList = AB69BE3D23AAC1DB000E9B38 /* Build configuration list for PBXProject "DesignPattern_AbstractFactory" */;
			compatibilityVersion = "Xcode 9.3";
			developmentRegion = en;
			hasScannedForEncodings = 0;
			knownRegions = (
				en,
				Base,
			);
			mainGroup = AB69BE3923AAC1DB000E9B38;
			productRefGroup = AB69BE4323AAC1DB000E9B38 /* Products */;
			projectDirPath = "";
			projectRoot = "";
			targets = (
				AB69BE4123AAC1DB000E9B38 /* DesignPattern_AbstractFactory */,
			);
		};
/* End PBXProject section */

/* Begin PBXResourcesBuildPhase section */
		AB69BE4023AAC1DB000E9B38 /* Resources */ = {
			isa = PBXResourcesBuildPhase;
			buildActionMask = 2147483647;
			files = (
				AB69BE5223AAC1E0000E9B38 /* LaunchScreen.storyboard in Resources */,
				AB69BE4F23AAC1E0000E9B38 /* Assets.xcassets in Resources */,
				AB69BE4D23AAC1DB000E9B38 /* Main.storyboard in Resources */,
			);
			runOnlyForDeploymentPostprocessing = 0;
		};
/* End PBXResourcesBuildPhase section */

/* Begin PBXSourcesBuildPhase section */
		AB69BE3E23AAC1DB000E9B38 /* Sources */ = {
			isa = PBXSourcesBuildPhase;
			buildActionMask = 2147483647;
			files = (
				AB69BE4A23AAC1DB000E9B38 /* ViewController.swift in Sources */,
				AB69BE4623AAC1DB000E9B38 /* AppDelegate.swift in Sources */,
				AB69BE4823AAC1DB000E9B38 /* SceneDelegate.swift in Sources */,
			);
			runOnlyForDeploymentPostprocessing = 0;
		};
/* End PBXSourcesBuildPhase section */

/* Begin PBXVariantGroup section */
		AB69BE4B23AAC1DB000E9B38 /* Main.storyboard */ = {
			isa = PBXVariantGroup;
			children = (
				AB69BE4C23AAC1DB000E9B38 /* Base */,
			);
			name = Main.storyboard;
			sourceTree = "<group>";
		};
		AB69BE5023AAC1E0000E9B38 /* LaunchScreen.storyboard */ = {
			isa = PBXVariantGroup;
			children = (
				AB69BE5123AAC1E0000E9B38 /* Base */,
			);
			name = LaunchScreen.storyboard;
			sourceTree = "<group>";
		};
/* End PBXVariantGroup section */

/* Begin XCBuildConfiguration section */
		AB69BE5423AAC1E0000E9B38 /* Debug */ = {
			isa = XCBuildConfiguration;
			buildSettings = {
				ALWAYS_SEARCH_USER_PATHS = NO;
				CLANG_ANALYZER_NONNULL = YES;
				CLANG_ANALYZER_NUMBER_OBJECT_CONVERSION = YES_AGGRESSIVE;
				CLANG_CXX_LANGUAGE_STANDARD = "gnu++14";
				CLANG_CXX_LIBRARY = "libc++";
				CLANG_ENABLE_MODULES = YES;
				CLANG_ENABLE_OBJC_ARC = YES;
				CLANG_ENABLE_OBJC_WEAK = YES;
				CLANG_WARN_BLOCK_CAPTURE_AUTORELEASING = YES;
				CLANG_WARN_BOOL_CONVERSION = YES;
				CLANG_WARN_COMMA = YES;
				CLANG_WARN_CONSTANT_CONVERSION = YES;
				CLANG_WARN_DEPRECATED_OBJC_IMPLEMENTATIONS = YES;
				CLANG_WARN_DIRECT_OBJC_ISA_USAGE = YES_ERROR;
				CLANG_WARN_DOCUMENTATION_COMMENTS = YES;
				CLANG_WARN_EMPTY_BODY = YES;
				CLANG_WARN_ENUM_CONVERSION = YES;
				CLANG_WARN_INFINITE_RECURSION = YES;
				CLANG_WARN_INT_CONVERSION = YES;
				CLANG_WARN_NON_LITERAL_NULL_CONVERSION = YES;
				CLANG_WARN_OBJC_IMPLICIT_RETAIN_SELF = YES;
				CLANG_WARN_OBJC_LITERAL_CONVERSION = YES;
				CLANG_WARN_OBJC_ROOT_CLASS = YES_ERROR;
				CLANG_WARN_RANGE_LOOP_ANALYSIS = YES;
				CLANG_WARN_STRICT_PROTOTYPES = YES;
				CLANG_WARN_SUSPICIOUS_MOVE = YES;
				CLANG_WARN_UNGUARDED_AVAILABILITY = YES_AGGRESSIVE;
				CLANG_WARN_UNREACHABLE_CODE = YES;
				CLANG_WARN__DUPLICATE_METHOD_MATCH = YES;
				COPY_PHASE_STRIP = NO;
				DEBUG_INFORMATION_FORMAT = dwarf;
				ENABLE_STRICT_OBJC_MSGSEND = YES;
				ENABLE_TESTABILITY = YES;
				GCC_C_LANGUAGE_STANDARD = gnu11;
				GCC_DYNAMIC_NO_PIC = NO;
				GCC_NO_COMMON_BLOCKS = YES;
				GCC_OPTIMIZATION_LEVEL = 0;
				GCC_PREPROCESSOR_DEFINITIONS = (
					"DEBUG=1",
					"$(inherited)",
				);
				GCC_WARN_64_TO_32_BIT_CONVERSION = YES;
				GCC_WARN_ABOUT_RETURN_TYPE = YES_ERROR;
				GCC_WARN_UNDECLARED_SELECTOR = YES;
				GCC_WARN_UNINITIALIZED_AUTOS = YES_AGGRESSIVE;
				GCC_WARN_UNUSED_FUNCTION = YES;
				GCC_WARN_UNUSED_VARIABLE = YES;
				IPHONEOS_DEPLOYMENT_TARGET = 13.2;
				MTL_ENABLE_DEBUG_INFO = INCLUDE_SOURCE;
				MTL_FAST_MATH = YES;
				ONLY_ACTIVE_ARCH = YES;
				SDKROOT = iphoneos;
				SWIFT_ACTIVE_COMPILATION_CONDITIONS = DEBUG;
				SWIFT_OPTIMIZATION_LEVEL = "-Onone";
			};
			name = Debug;
		};
		AB69BE5523AAC1E0000E9B38 /* Release */ = {
			isa = XCBuildConfiguration;
			buildSettings = {
				ALWAYS_SEARCH_USER_PATHS = NO;
				CLANG_ANALYZER_NONNULL = YES;
				CLANG_ANALYZER_NUMBER_OBJECT_CONVERSION = YES_AGGRESSIVE;
				CLANG_CXX_LANGUAGE_STANDARD = "gnu++14";
				CLANG_CXX_LIBRARY = "libc++";
				CLANG_ENABLE_MODULES = YES;
				CLANG_ENABLE_OBJC_ARC = YES;
				CLANG_ENABLE_OBJC_WEAK = YES;
				CLANG_WARN_BLOCK_CAPTURE_AUTORELEASING = YES;
				CLANG_WARN_BOOL_CONVERSION = YES;
				CLANG_WARN_COMMA = YES;
				CLANG_WARN_CONSTANT_CONVERSION = YES;
				CLANG_WARN_DEPRECATED_OBJC_IMPLEMENTATIONS = YES;
				CLANG_WARN_DIRECT_OBJC_ISA_USAGE = YES_ERROR;
				CLANG_WARN_DOCUMENTATION_COMMENTS = YES;
				CLANG_WARN_EMPTY_BODY = YES;
				CLANG_WARN_ENUM_CONVERSION = YES;
				CLANG_WARN_INFINITE_RECURSION = YES;
				CLANG_WARN_INT_CONVERSION = YES;
				CLANG_WARN_NON_LITERAL_NULL_CONVERSION = YES;
				CLANG_WARN_OBJC_IMPLICIT_RETAIN_SELF = YES;
				CLANG_WARN_OBJC_LITERAL_CONVERSION = YES;
				CLANG_WARN_OBJC_ROOT_CLASS = YES_ERROR;
				CLANG_WARN_RANGE_LOOP_ANALYSIS = YES;
				CLANG_WARN_STRICT_PROTOTYPES = YES;
				CLANG_WARN_SUSPICIOUS_MOVE = YES;
				CLANG_WARN_UNGUARDED_AVAILABILITY = YES_AGGRESSIVE;
				CLANG_WARN_UNREACHABLE_CODE = YES;
				CLANG_WARN__DUPLICATE_METHOD_MATCH = YES;
				COPY_PHASE_STRIP = NO;
				DEBUG_INFORMATION_FORMAT = "dwarf-with-dsym";
				ENABLE_NS_ASSERTIONS = NO;
				ENABLE_STRICT_OBJC_MSGSEND = YES;
				GCC_C_LANGUAGE_STANDARD = gnu11;
				GCC_NO_COMMON_BLOCKS = YES;
				GCC_WARN_64_TO_32_BIT_CONVERSION = YES;
				GCC_WARN_ABOUT_RETURN_TYPE = YES_ERROR;
				GCC_WARN_UNDECLARED_SELECTOR = YES;
				GCC_WARN_UNINITIALIZED_AUTOS = YES_AGGRESSIVE;
				GCC_WARN_UNUSED_FUNCTION = YES;
				GCC_WARN_UNUSED_VARIABLE = YES;
				IPHONEOS_DEPLOYMENT_TARGET = 13.2;
				MTL_ENABLE_DEBUG_INFO = NO;
				MTL_FAST_MATH = YES;
				SDKROOT = iphoneos;
				SWIFT_COMPILATION_MODE = wholemodule;
				SWIFT_OPTIMIZATION_LEVEL = "-O";
				VALIDATE_PRODUCT = YES;
			};
			name = Release;
		};
		AB69BE5723AAC1E0000E9B38 /* Debug */ = {
			isa = XCBuildConfiguration;
			buildSettings = {
				ASSETCATALOG_COMPILER_APPICON_NAME = AppIcon;
				CODE_SIGN_STYLE = Automatic;
				DEVELOPMENT_TEAM = 2KRRAMT3WK;
				INFOPLIST_FILE = DesignPattern_AbstractFactory/Info.plist;
				LD_RUNPATH_SEARCH_PATHS = (
					"$(inherited)",
					"@executable_path/Frameworks",
				);
				PRODUCT_BUNDLE_IDENTIFIER = "NeoSoft.DesignPattern-AbstractFactory";
				PRODUCT_NAME = "$(TARGET_NAME)";
				SWIFT_VERSION = 5.0;
				TARGETED_DEVICE_FAMILY = "1,2";
			};
			name = Debug;
		};
		AB69BE5823AAC1E0000E9B38 /* Release */ = {
			isa = XCBuildConfiguration;
			buildSettings = {
				ASSETCATALOG_COMPILER_APPICON_NAME = AppIcon;
				CODE_SIGN_STYLE = Automatic;
				DEVELOPMENT_TEAM = 2KRRAMT3WK;
				INFOPLIST_FILE = DesignPattern_AbstractFactory/Info.plist;
				LD_RUNPATH_SEARCH_PATHS = (
					"$(inherited)",
					"@executable_path/Frameworks",
				);
				PRODUCT_BUNDLE_IDENTIFIER = "NeoSoft.DesignPattern-AbstractFactory";
				PRODUCT_NAME = "$(TARGET_NAME)";
				SWIFT_VERSION = 5.0;
				TARGETED_DEVICE_FAMILY = "1,2";
			};
			name = Release;
		};
/* End XCBuildConfiguration section */

/* Begin XCConfigurationList section */
		AB69BE3D23AAC1DB000E9B38 /* Build configuration list for PBXProject "DesignPattern_AbstractFactory" */ = {
			isa = XCConfigurationList;
			buildConfigurations = (
				AB69BE5423AAC1E0000E9B38 /* Debug */,
				AB69BE5523AAC1E0000E9B38 /* Release */,
			);
			defaultConfigurationIsVisible = 0;
			defaultConfigurationName = Release;
		};
		AB69BE5623AAC1E0000E9B38 /* Build configuration list for PBXNativeTarget "DesignPattern_AbstractFactory" */ = {
			isa = XCConfigurationList;
			buildConfigurations = (
				AB69BE5723AAC1E0000E9B38 /* Debug */,
				AB69BE5823AAC1E0000E9B38 /* Release */,
			);
			defaultConfigurationIsVisible = 0;
			defaultConfigurationName = Release;
		};
/* End XCConfigurationList section */
	};
	rootObject = AB69BE3A23AAC1DB000E9B38 /* Project object */;
}
